
Microsoft Visual Studio Solution File, Format Version 12.00
# Visual Studio 15
VisualStudioVersion = 15.0.26430.16
MinimumVisualStudioVersion = 10.0.40219.1
Project("{FAE04EC0-301F-11D3-BF4B-00C04F79EFBC}") = "imagincrud.login", "imagincrud.login\imagincrud.login.csproj", "{8EA226DA-9BF0-45ED-8D54-9862A47C1CF5}"
EndProject
Project("{E53339B2-1760-4266-BCC7-CA923CBCF16C}") = "docker-compose", "docker-compose.dcproj", "{59FF612E-EEAD-4132-A153-3FA4F3DBB74C}"
EndProject
Global
	GlobalSection(SolutionConfigurationPlatforms) = preSolution
		Debug|Any CPU = Debug|Any CPU
		Release|Any CPU = Release|Any CPU
	EndGlobalSection
	GlobalSection(ProjectConfigurationPlatforms) = postSolution
		{8EA226DA-9BF0-45ED-8D54-9862A47C1CF5}.Debug|Any CPU.ActiveCfg = Debug|Any CPU
		{8EA226DA-9BF0-45ED-8D54-9862A47C1CF5}.Debug|Any CPU.Build.0 = Debug|Any CPU
		{8EA226DA-9BF0-45ED-8D54-9862A47C1CF5}.Release|Any CPU.ActiveCfg = Release|Any CPU
		{8EA226DA-9BF0-45ED-8D54-9862A47C1CF5}.Release|Any CPU.Build.0 = Release|Any CPU
		{59FF612E-EEAD-4132-A153-3FA4F3DBB74C}.Debug|Any CPU.ActiveCfg = Debug|Any CPU
		{59FF612E-EEAD-4132-A153-3FA4F3DBB74C}.Debug|Any CPU.Build.0 = Debug|Any CPU
		{59FF612E-EEAD-4132-A153-3FA4F3DBB74C}.Release|Any CPU.ActiveCfg = Release|Any CPU
		{59FF612E-EEAD-4132-A153-3FA4F3DBB74C}.Release|Any CPU.Build.0 = Release|Any CPU
	EndGlobalSection
	GlobalSection(SolutionProperties) = preSolution
		HideSolutionNode = FALSE
	EndGlobalSection
EndGlobal
