
Microsoft Visual Studio Solution File, Format Version 12.00
# Visual Studio 15
VisualStudioVersion = 15.0.26430.16
MinimumVisualStudioVersion = 10.0.40219.1
Project("{FAE04EC0-301F-11D3-BF4B-00C04F79EFBC}") = "imagincrud", "imagincrud\imagincrud.csproj", "{77833F6A-3532-4181-97B7-0CD86028659D}"
EndProject
Project("{E53339B2-1760-4266-BCC7-CA923CBCF16C}") = "docker-compose", "docker-compose.dcproj", "{4EECD864-D86C-49BF-9C8B-A0A053D2686B}"
EndProject
Global
	GlobalSection(SolutionConfigurationPlatforms) = preSolution
		Debug|Any CPU = Debug|Any CPU
		Release|Any CPU = Release|Any CPU
	EndGlobalSection
	GlobalSection(ProjectConfigurationPlatforms) = postSolution
		{77833F6A-3532-4181-97B7-0CD86028659D}.Debug|Any CPU.ActiveCfg = Debug|Any CPU
		{77833F6A-3532-4181-97B7-0CD86028659D}.Debug|Any CPU.Build.0 = Debug|Any CPU
		{77833F6A-3532-4181-97B7-0CD86028659D}.Release|Any CPU.ActiveCfg = Release|Any CPU
		{77833F6A-3532-4181-97B7-0CD86028659D}.Release|Any CPU.Build.0 = Release|Any CPU
		{4EECD864-D86C-49BF-9C8B-A0A053D2686B}.Debug|Any CPU.ActiveCfg = Debug|Any CPU
		{4EECD864-D86C-49BF-9C8B-A0A053D2686B}.Debug|Any CPU.Build.0 = Debug|Any CPU
		{4EECD864-D86C-49BF-9C8B-A0A053D2686B}.Release|Any CPU.ActiveCfg = Release|Any CPU
		{4EECD864-D86C-49BF-9C8B-A0A053D2686B}.Release|Any CPU.Build.0 = Release|Any CPU
	EndGlobalSection
	GlobalSection(SolutionProperties) = preSolution
		HideSolutionNode = FALSE
	EndGlobalSection
EndGlobal
